
Microsoft Visual Studio Solution File, Format Version 12.00
# Visual Studio 2015
Project("{FAE04EC0-301F-11D3-BF4B-00C04F79EFBC}") = "GeneticCars.CSharp", "GeneticCars.CSharp.csproj", "{CFDF63D0-ED1E-DEDC-9572-99E0C831ECCA}"
EndProject
Global
	GlobalSection(SolutionConfigurationPlatforms) = preSolution
		Debug|Any CPU = Debug|Any CPU
		Release|Any CPU = Release|Any CPU
	EndGlobalSection
	GlobalSection(ProjectConfigurationPlatforms) = postSolution
		{CFDF63D0-ED1E-DEDC-9572-99E0C831ECCA}.Debug|Any CPU.ActiveCfg = Debug|Any CPU
		{CFDF63D0-ED1E-DEDC-9572-99E0C831ECCA}.Debug|Any CPU.Build.0 = Debug|Any CPU
		{CFDF63D0-ED1E-DEDC-9572-99E0C831ECCA}.Release|Any CPU.ActiveCfg = Release|Any CPU
		{CFDF63D0-ED1E-DEDC-9572-99E0C831ECCA}.Release|Any CPU.Build.0 = Release|Any CPU
	EndGlobalSection
	GlobalSection(SolutionProperties) = preSolution
		HideSolutionNode = FALSE
	EndGlobalSection
EndGlobal
